
Microsoft Visual Studio Solution File, Format Version 12.00
# Visual Studio Version 17
VisualStudioVersion = 17.8.34309.116
MinimumVisualStudioVersion = 10.0.40219.1
Project("{FAE04EC0-301F-11D3-BF4B-00C04F79EFBC}") = "eTickets", "eTickets\eTickets.csproj", "{B3311FDA-E198-4CBD-8BDE-BA3200BFEBFC}"
EndProject
Global
	GlobalSection(SolutionConfigurationPlatforms) = preSolution
		Debug|Any CPU = Debug|Any CPU
		Release|Any CPU = Release|Any CPU
	EndGlobalSection
	GlobalSection(ProjectConfigurationPlatforms) = postSolution
		{B3311FDA-E198-4CBD-8BDE-BA3200BFEBFC}.Debug|Any CPU.ActiveCfg = Debug|Any CPU
		{B3311FDA-E198-4CBD-8BDE-BA3200BFEBFC}.Debug|Any CPU.Build.0 = Debug|Any CPU
		{B3311FDA-E198-4CBD-8BDE-BA3200BFEBFC}.Release|Any CPU.ActiveCfg = Release|Any CPU
		{B3311FDA-E198-4CBD-8BDE-BA3200BFEBFC}.Release|Any CPU.Build.0 = Release|Any CPU
	EndGlobalSection
	GlobalSection(SolutionProperties) = preSolution
		HideSolutionNode = FALSE
	EndGlobalSection
	GlobalSection(ExtensibilityGlobals) = postSolution
		SolutionGuid = {B1710617-30D7-4C34-B48D-7F3C16398E82}
	EndGlobalSection
EndGlobal
